
Microsoft Visual Studio Solution File, Format Version 12.00
# Visual Studio Version 16
VisualStudioVersion = 16.0.30804.86
MinimumVisualStudioVersion = 10.0.40219.1
Project("{FAE04EC0-301F-11D3-BF4B-00C04F79EFBC}") = "Lesson8.2", "Lesson8.2\Lesson8.2.csproj", "{20CDE4D8-B4D9-4D10-B8EC-E8063B1560A6}"
EndProject
Project("{FAE04EC0-301F-11D3-BF4B-00C04F79EFBC}") = "MyLib", "MyLib\MyLib.csproj", "{4696D575-6F56-4B52-9487-27B2531BE0D7}"
EndProject
Global
	GlobalSection(SolutionConfigurationPlatforms) = preSolution
		Debug|Any CPU = Debug|Any CPU
		Release|Any CPU = Release|Any CPU
	EndGlobalSection
	GlobalSection(ProjectConfigurationPlatforms) = postSolution
		{20CDE4D8-B4D9-4D10-B8EC-E8063B1560A6}.Debug|Any CPU.ActiveCfg = Debug|Any CPU
		{20CDE4D8-B4D9-4D10-B8EC-E8063B1560A6}.Debug|Any CPU.Build.0 = Debug|Any CPU
		{20CDE4D8-B4D9-4D10-B8EC-E8063B1560A6}.Release|Any CPU.ActiveCfg = Release|Any CPU
		{20CDE4D8-B4D9-4D10-B8EC-E8063B1560A6}.Release|Any CPU.Build.0 = Release|Any CPU
		{4696D575-6F56-4B52-9487-27B2531BE0D7}.Debug|Any CPU.ActiveCfg = Debug|Any CPU
		{4696D575-6F56-4B52-9487-27B2531BE0D7}.Debug|Any CPU.Build.0 = Debug|Any CPU
		{4696D575-6F56-4B52-9487-27B2531BE0D7}.Release|Any CPU.ActiveCfg = Release|Any CPU
		{4696D575-6F56-4B52-9487-27B2531BE0D7}.Release|Any CPU.Build.0 = Release|Any CPU
	EndGlobalSection
	GlobalSection(SolutionProperties) = preSolution
		HideSolutionNode = FALSE
	EndGlobalSection
	GlobalSection(ExtensibilityGlobals) = postSolution
		SolutionGuid = {B34C6DC1-175D-4AE1-93A9-567FFBFAD8D4}
	EndGlobalSection
EndGlobal
