
Microsoft Visual Studio Solution File, Format Version 12.00
# Visual Studio Version 16
VisualStudioVersion = 16.0.30804.86
MinimumVisualStudioVersion = 10.0.40219.1
Project("{FAE04EC0-301F-11D3-BF4B-00C04F79EFBC}") = "Lesson8.1", "Lesson8.1\Lesson8.1.csproj", "{D579F80D-613A-4D3C-A3D6-70C423001694}"
EndProject
Global
	GlobalSection(SolutionConfigurationPlatforms) = preSolution
		Debug|Any CPU = Debug|Any CPU
		Release|Any CPU = Release|Any CPU
	EndGlobalSection
	GlobalSection(ProjectConfigurationPlatforms) = postSolution
		{D579F80D-613A-4D3C-A3D6-70C423001694}.Debug|Any CPU.ActiveCfg = Debug|Any CPU
		{D579F80D-613A-4D3C-A3D6-70C423001694}.Debug|Any CPU.Build.0 = Debug|Any CPU
		{D579F80D-613A-4D3C-A3D6-70C423001694}.Release|Any CPU.ActiveCfg = Release|Any CPU
		{D579F80D-613A-4D3C-A3D6-70C423001694}.Release|Any CPU.Build.0 = Release|Any CPU
	EndGlobalSection
	GlobalSection(SolutionProperties) = preSolution
		HideSolutionNode = FALSE
	EndGlobalSection
	GlobalSection(ExtensibilityGlobals) = postSolution
		SolutionGuid = {4C62792E-DF37-490B-8954-7CAF8EFB3406}
	EndGlobalSection
EndGlobal
