
Microsoft Visual Studio Solution File, Format Version 12.00
# Visual Studio Version 16
VisualStudioVersion = 16.0.30804.86
MinimumVisualStudioVersion = 10.0.40219.1
Project("{FAE04EC0-301F-11D3-BF4B-00C04F79EFBC}") = "Lesson7.3", "Lesson7.3\Lesson7.3.csproj", "{65896544-EC52-4E06-BA5D-24178A66C9B7}"
EndProject
Global
	GlobalSection(SolutionConfigurationPlatforms) = preSolution
		Debug|Any CPU = Debug|Any CPU
		Release|Any CPU = Release|Any CPU
	EndGlobalSection
	GlobalSection(ProjectConfigurationPlatforms) = postSolution
		{65896544-EC52-4E06-BA5D-24178A66C9B7}.Debug|Any CPU.ActiveCfg = Debug|Any CPU
		{65896544-EC52-4E06-BA5D-24178A66C9B7}.Debug|Any CPU.Build.0 = Debug|Any CPU
		{65896544-EC52-4E06-BA5D-24178A66C9B7}.Release|Any CPU.ActiveCfg = Release|Any CPU
		{65896544-EC52-4E06-BA5D-24178A66C9B7}.Release|Any CPU.Build.0 = Release|Any CPU
	EndGlobalSection
	GlobalSection(SolutionProperties) = preSolution
		HideSolutionNode = FALSE
	EndGlobalSection
	GlobalSection(ExtensibilityGlobals) = postSolution
		SolutionGuid = {402ED6AE-73D0-4E56-8FAD-AD6A3F7CF452}
	EndGlobalSection
EndGlobal
