
Microsoft Visual Studio Solution File, Format Version 12.00
# Visual Studio Version 16
VisualStudioVersion = 16.0.30804.86
MinimumVisualStudioVersion = 10.0.40219.1
Project("{FAE04EC0-301F-11D3-BF4B-00C04F79EFBC}") = "Snake", "Snake\Snake.csproj", "{5CAE8E67-56BA-4674-8167-47CE16F13EB1}"
EndProject
Global
	GlobalSection(SolutionConfigurationPlatforms) = preSolution
		Debug|Any CPU = Debug|Any CPU
		Release|Any CPU = Release|Any CPU
	EndGlobalSection
	GlobalSection(ProjectConfigurationPlatforms) = postSolution
		{5CAE8E67-56BA-4674-8167-47CE16F13EB1}.Debug|Any CPU.ActiveCfg = Debug|Any CPU
		{5CAE8E67-56BA-4674-8167-47CE16F13EB1}.Debug|Any CPU.Build.0 = Debug|Any CPU
		{5CAE8E67-56BA-4674-8167-47CE16F13EB1}.Release|Any CPU.ActiveCfg = Release|Any CPU
		{5CAE8E67-56BA-4674-8167-47CE16F13EB1}.Release|Any CPU.Build.0 = Release|Any CPU
	EndGlobalSection
	GlobalSection(SolutionProperties) = preSolution
		HideSolutionNode = FALSE
	EndGlobalSection
	GlobalSection(ExtensibilityGlobals) = postSolution
		SolutionGuid = {AFC1B9FA-5BDF-4196-884E-6D166C064A74}
	EndGlobalSection
EndGlobal
