
Microsoft Visual Studio Solution File, Format Version 12.00
# Visual Studio Version 16
VisualStudioVersion = 16.0.30804.86
MinimumVisualStudioVersion = 10.0.40219.1
Project("{FAE04EC0-301F-11D3-BF4B-00C04F79EFBC}") = "Lesson2_task6", "Lesson2_task6\Lesson2_task6.csproj", "{B25B9C07-2ED3-4629-8CAF-D2F8B99D0EC8}"
EndProject
Global
	GlobalSection(SolutionConfigurationPlatforms) = preSolution
		Debug|Any CPU = Debug|Any CPU
		Release|Any CPU = Release|Any CPU
	EndGlobalSection
	GlobalSection(ProjectConfigurationPlatforms) = postSolution
		{B25B9C07-2ED3-4629-8CAF-D2F8B99D0EC8}.Debug|Any CPU.ActiveCfg = Debug|Any CPU
		{B25B9C07-2ED3-4629-8CAF-D2F8B99D0EC8}.Debug|Any CPU.Build.0 = Debug|Any CPU
		{B25B9C07-2ED3-4629-8CAF-D2F8B99D0EC8}.Release|Any CPU.ActiveCfg = Release|Any CPU
		{B25B9C07-2ED3-4629-8CAF-D2F8B99D0EC8}.Release|Any CPU.Build.0 = Release|Any CPU
	EndGlobalSection
	GlobalSection(SolutionProperties) = preSolution
		HideSolutionNode = FALSE
	EndGlobalSection
	GlobalSection(ExtensibilityGlobals) = postSolution
		SolutionGuid = {7E96F830-6E54-4056-9B94-630C1F23F569}
	EndGlobalSection
EndGlobal
