
Microsoft Visual Studio Solution File, Format Version 12.00
# Visual Studio Version 16
VisualStudioVersion = 16.0.30804.86
MinimumVisualStudioVersion = 10.0.40219.1
Project("{FAE04EC0-301F-11D3-BF4B-00C04F79EFBC}") = "Lesson9", "Lesson9\Lesson9.csproj", "{234E67AA-618D-44E6-B7DC-372A9207CA27}"
EndProject
Global
	GlobalSection(SolutionConfigurationPlatforms) = preSolution
		Debug|Any CPU = Debug|Any CPU
		Release|Any CPU = Release|Any CPU
	EndGlobalSection
	GlobalSection(ProjectConfigurationPlatforms) = postSolution
		{234E67AA-618D-44E6-B7DC-372A9207CA27}.Debug|Any CPU.ActiveCfg = Debug|Any CPU
		{234E67AA-618D-44E6-B7DC-372A9207CA27}.Debug|Any CPU.Build.0 = Debug|Any CPU
		{234E67AA-618D-44E6-B7DC-372A9207CA27}.Release|Any CPU.ActiveCfg = Release|Any CPU
		{234E67AA-618D-44E6-B7DC-372A9207CA27}.Release|Any CPU.Build.0 = Release|Any CPU
	EndGlobalSection
	GlobalSection(SolutionProperties) = preSolution
		HideSolutionNode = FALSE
	EndGlobalSection
	GlobalSection(ExtensibilityGlobals) = postSolution
		SolutionGuid = {4B73F217-6C6A-4AA2-A85E-D453F6C21E8B}
	EndGlobalSection
EndGlobal
